// !$*UTF8*$!
{
	archiveVersion = 1;
	classes = {
	};
	objectVersion = 46;
	objects = {

/* Begin PBXBuildFile section */
		6634F2FB1EB20D2200B28D12 /* Flickr.m in Sources */ = {isa = PBXBuildFile; fileRef = 6634F2FA1EB20D2200B28D12 /* Flickr.m */; };
		6634F2FE1EB236F900B28D12 /* DetailViewController.m in Sources */ = {isa = PBXBuildFile; fileRef = 6634F2FD1EB236F900B28D12 /* DetailViewController.m */; };
		6634F3041EB25EF300B28D12 /* PhotoInfo.m in Sources */ = {isa = PBXBuildFile; fileRef = 6634F3031EB25EF300B28D12 /* PhotoInfo.m */; };
		664B7B661EB0D4BB0094335E /* main.m in Sources */ = {isa = PBXBuildFile; fileRef = 664B7B651EB0D4BB0094335E /* main.m */; };
		664B7B691EB0D4BB0094335E /* AppDelegate.m in Sources */ = {isa = PBXBuildFile; fileRef = 664B7B681EB0D4BB0094335E /* AppDelegate.m */; };
		664B7B6F1EB0D4BB0094335E /* Main.storyboard in Resources */ = {isa = PBXBuildFile; fileRef = 664B7B6D1EB0D4BB0094335E /* Main.storyboard */; };
		664B7B721EB0D4BB0094335E /* Flickr_Modanisa.xcdatamodeld in Sources */ = {isa = PBXBuildFile; fileRef = 664B7B701EB0D4BB0094335E /* Flickr_Modanisa.xcdatamodeld */; };
		664B7B741EB0D4BB0094335E /* Assets.xcassets in Resources */ = {isa = PBXBuildFile; fileRef = 664B7B731EB0D4BB0094335E /* Assets.xcassets */; };
		664B7B771EB0D4BB0094335E /* LaunchScreen.storyboard in Resources */ = {isa = PBXBuildFile; fileRef = 664B7B751EB0D4BB0094335E /* LaunchScreen.storyboard */; };
		66936F1D1EB352E60047199A /* FavoritesTableViewCell.m in Sources */ = {isa = PBXBuildFile; fileRef = 66936F1C1EB352E60047199A /* FavoritesTableViewCell.m */; };
		6694980A1EB37E4E00A95E90 /* FavsViewController.m in Sources */ = {isa = PBXBuildFile; fileRef = 669498091EB37E4E00A95E90 /* FavsViewController.m */; };
		6697D56B1EB10B4D005DBE9A /* FlickrCell.m in Sources */ = {isa = PBXBuildFile; fileRef = 6697D56A1EB10B4D005DBE9A /* FlickrCell.m */; };
		66E0F1381EB0D72F00475A1E /* MainViewController.m in Sources */ = {isa = PBXBuildFile; fileRef = 66E0F1371EB0D72F00475A1E /* MainViewController.m */; };
		66F399031EB3F313006EFEF2 /* FavCell.m in Sources */ = {isa = PBXBuildFile; fileRef = 66F399021EB3F313006EFEF2 /* FavCell.m */; };
/* End PBXBuildFile section */

/* Begin PBXFileReference section */
		6634F2F91EB20D2200B28D12 /* Flickr.h */ = {isa = PBXFileReference; fileEncoding = 4; lastKnownFileType = sourcecode.c.h; path = Flickr.h; sourceTree = "<group>"; };
		6634F2FA1EB20D2200B28D12 /* Flickr.m */ = {isa = PBXFileReference; fileEncoding = 4; lastKnownFileType = sourcecode.c.objc; path = Flickr.m; sourceTree = "<group>"; };
		6634F2FC1EB236F900B28D12 /* DetailViewController.h */ = {isa = PBXFileReference; fileEncoding = 4; lastKnownFileType = sourcecode.c.h; path = DetailViewController.h; sourceTree = "<group>"; };
		6634F2FD1EB236F900B28D12 /* DetailViewController.m */ = {isa = PBXFileReference; fileEncoding = 4; lastKnownFileType = sourcecode.c.objc; path = DetailViewController.m; sourceTree = "<group>"; };
		6634F3021EB25EF300B28D12 /* PhotoInfo.h */ = {isa = PBXFileReference; fileEncoding = 4; lastKnownFileType = sourcecode.c.h; path = PhotoInfo.h; sourceTree = "<group>"; };
		6634F3031EB25EF300B28D12 /* PhotoInfo.m */ = {isa = PBXFileReference; fileEncoding = 4; lastKnownFileType = sourcecode.c.objc; path = PhotoInfo.m; sourceTree = "<group>"; };
		664B7B611EB0D4BB0094335E /* Flickr-Modanisa.app */ = {isa = PBXFileReference; explicitFileType = wrapper.application; includeInIndex = 0; path = "Flickr-Modanisa.app"; sourceTree = BUILT_PRODUCTS_DIR; };
		664B7B651EB0D4BB0094335E /* main.m */ = {isa = PBXFileReference; lastKnownFileType = sourcecode.c.objc; path = main.m; sourceTree = "<group>"; };
		664B7B671EB0D4BB0094335E /* AppDelegate.h */ = {isa = PBXFileReference; lastKnownFileType = sourcecode.c.h; path = AppDelegate.h; sourceTree = "<group>"; };
		664B7B681EB0D4BB0094335E /* AppDelegate.m */ = {isa = PBXFileReference; lastKnownFileType = sourcecode.c.objc; path = AppDelegate.m; sourceTree = "<group>"; };
		664B7B6E1EB0D4BB0094335E /* Base */ = {isa = PBXFileReference; lastKnownFileType = file.storyboard; name = Base; path = Base.lproj/Main.storyboard; sourceTree = "<group>"; };
		664B7B711EB0D4BB0094335E /* Flickr_Modanisa.xcdatamodel */ = {isa = PBXFileReference; lastKnownFileType = wrapper.xcdatamodel; path = Flickr_Modanisa.xcdatamodel; sourceTree = "<group>"; };
		664B7B731EB0D4BB0094335E /* Assets.xcassets */ = {isa = PBXFileReference; lastKnownFileType = folder.assetcatalog; path = Assets.xcassets; sourceTree = "<group>"; };
		664B7B761EB0D4BB0094335E /* Base */ = {isa = PBXFileReference; lastKnownFileType = file.storyboard; name = Base; path = Base.lproj/LaunchScreen.storyboard; sourceTree = "<group>"; };
		664B7B781EB0D4BB0094335E /* Info.plist */ = {isa = PBXFileReference; lastKnownFileType = text.plist.xml; path = Info.plist; sourceTree = "<group>"; };
		66936F1B1EB352E60047199A /* FavoritesTableViewCell.h */ = {isa = PBXFileReference; fileEncoding = 4; lastKnownFileType = sourcecode.c.h; path = FavoritesTableViewCell.h; sourceTree = "<group>"; };
		66936F1C1EB352E60047199A /* FavoritesTableViewCell.m */ = {isa = PBXFileReference; fileEncoding = 4; lastKnownFileType = sourcecode.c.objc; path = FavoritesTableViewCell.m; sourceTree = "<group>"; };
		669498081EB37E4E00A95E90 /* FavsViewController.h */ = {isa = PBXFileReference; fileEncoding = 4; lastKnownFileType = sourcecode.c.h; path = FavsViewController.h; sourceTree = "<group>"; };
		669498091EB37E4E00A95E90 /* FavsViewController.m */ = {isa = PBXFileReference; fileEncoding = 4; lastKnownFileType = sourcecode.c.objc; path = FavsViewController.m; sourceTree = "<group>"; };
		6697D5691EB10B4D005DBE9A /* FlickrCell.h */ = {isa = PBXFileReference; fileEncoding = 4; lastKnownFileType = sourcecode.c.h; path = FlickrCell.h; sourceTree = "<group>"; };
		6697D56A1EB10B4D005DBE9A /* FlickrCell.m */ = {isa = PBXFileReference; fileEncoding = 4; lastKnownFileType = sourcecode.c.objc; path = FlickrCell.m; sourceTree = "<group>"; };
		66E0F1361EB0D72F00475A1E /* MainViewController.h */ = {isa = PBXFileReference; fileEncoding = 4; lastKnownFileType = sourcecode.c.h; path = MainViewController.h; sourceTree = "<group>"; };
		66E0F1371EB0D72F00475A1E /* MainViewController.m */ = {isa = PBXFileReference; fileEncoding = 4; lastKnownFileType = sourcecode.c.objc; path = MainViewController.m; sourceTree = "<group>"; };
		66F399011EB3F313006EFEF2 /* FavCell.h */ = {isa = PBXFileReference; fileEncoding = 4; lastKnownFileType = sourcecode.c.h; path = FavCell.h; sourceTree = "<group>"; };
		66F399021EB3F313006EFEF2 /* FavCell.m */ = {isa = PBXFileReference; fileEncoding = 4; lastKnownFileType = sourcecode.c.objc; path = FavCell.m; sourceTree = "<group>"; };
/* End PBXFileReference section */

/* Begin PBXFrameworksBuildPhase section */
		664B7B5E1EB0D4BB0094335E /* Frameworks */ = {
			isa = PBXFrameworksBuildPhase;
			buildActionMask = 2147483647;
			files = (
			);
			runOnlyForDeploymentPostprocessing = 0;
		};
/* End PBXFrameworksBuildPhase section */

/* Begin PBXGroup section */
		664B7B581EB0D4BB0094335E = {
			isa = PBXGroup;
			children = (
				664B7B631EB0D4BB0094335E /* Flickr-Modanisa */,
				664B7B621EB0D4BB0094335E /* Products */,
			);
			sourceTree = "<group>";
		};
		664B7B621EB0D4BB0094335E /* Products */ = {
			isa = PBXGroup;
			children = (
				664B7B611EB0D4BB0094335E /* Flickr-Modanisa.app */,
			);
			name = Products;
			sourceTree = "<group>";
		};
		664B7B631EB0D4BB0094335E /* Flickr-Modanisa */ = {
			isa = PBXGroup;
			children = (
				66936F231EB353BB0047199A /* Modal */,
				66936F221EB353A30047199A /* View */,
				66936F211EB353880047199A /* Controller */,
				664B7B671EB0D4BB0094335E /* AppDelegate.h */,
				664B7B681EB0D4BB0094335E /* AppDelegate.m */,
				664B7B6D1EB0D4BB0094335E /* Main.storyboard */,
				664B7B731EB0D4BB0094335E /* Assets.xcassets */,
				664B7B751EB0D4BB0094335E /* LaunchScreen.storyboard */,
				664B7B781EB0D4BB0094335E /* Info.plist */,
				664B7B701EB0D4BB0094335E /* Flickr_Modanisa.xcdatamodeld */,
				664B7B641EB0D4BB0094335E /* Supporting Files */,
			);
			path = "Flickr-Modanisa";
			sourceTree = "<group>";
		};
		664B7B641EB0D4BB0094335E /* Supporting Files */ = {
			isa = PBXGroup;
			children = (
				664B7B651EB0D4BB0094335E /* main.m */,
			);
			name = "Supporting Files";
			sourceTree = "<group>";
		};
		66936F211EB353880047199A /* Controller */ = {
			isa = PBXGroup;
			children = (
				66E0F1361EB0D72F00475A1E /* MainViewController.h */,
				66E0F1371EB0D72F00475A1E /* MainViewController.m */,
				6634F2FC1EB236F900B28D12 /* DetailViewController.h */,
				6634F2FD1EB236F900B28D12 /* DetailViewController.m */,
				669498081EB37E4E00A95E90 /* FavsViewController.h */,
				669498091EB37E4E00A95E90 /* FavsViewController.m */,
			);
			name = Controller;
			sourceTree = "<group>";
		};
		66936F221EB353A30047199A /* View */ = {
			isa = PBXGroup;
			children = (
				66F399011EB3F313006EFEF2 /* FavCell.h */,
				66F399021EB3F313006EFEF2 /* FavCell.m */,
				6697D5691EB10B4D005DBE9A /* FlickrCell.h */,
				6697D56A1EB10B4D005DBE9A /* FlickrCell.m */,
				66936F1B1EB352E60047199A /* FavoritesTableViewCell.h */,
				66936F1C1EB352E60047199A /* FavoritesTableViewCell.m */,
			);
			name = View;
			sourceTree = "<group>";
		};
		66936F231EB353BB0047199A /* Modal */ = {
			isa = PBXGroup;
			children = (
				6634F2F91EB20D2200B28D12 /* Flickr.h */,
				6634F2FA1EB20D2200B28D12 /* Flickr.m */,
				6634F3021EB25EF300B28D12 /* PhotoInfo.h */,
				6634F3031EB25EF300B28D12 /* PhotoInfo.m */,
			);
			name = Modal;
			sourceTree = "<group>";
		};
/* End PBXGroup section */

/* Begin PBXNativeTarget section */
		664B7B601EB0D4BB0094335E /* Flickr-Modanisa */ = {
			isa = PBXNativeTarget;
			buildConfigurationList = 664B7B7B1EB0D4BB0094335E /* Build configuration list for PBXNativeTarget "Flickr-Modanisa" */;
			buildPhases = (
				664B7B5D1EB0D4BB0094335E /* Sources */,
				664B7B5E1EB0D4BB0094335E /* Frameworks */,
				664B7B5F1EB0D4BB0094335E /* Resources */,
			);
			buildRules = (
			);
			dependencies = (
			);
			name = "Flickr-Modanisa";
			productName = "Flickr-Modanisa";
			productReference = 664B7B611EB0D4BB0094335E /* Flickr-Modanisa.app */;
			productType = "com.apple.product-type.application";
		};
/* End PBXNativeTarget section */

/* Begin PBXProject section */
		664B7B591EB0D4BB0094335E /* Project object */ = {
			isa = PBXProject;
			attributes = {
				LastUpgradeCheck = 0830;
				ORGANIZATIONNAME = "Selay Soysal";
				TargetAttributes = {
					664B7B601EB0D4BB0094335E = {
						CreatedOnToolsVersion = 8.3.1;
						DevelopmentTeam = DB8H397NNF;
						ProvisioningStyle = Automatic;
					};
				};
			};
			buildConfigurationList = 664B7B5C1EB0D4BB0094335E /* Build configuration list for PBXProject "Flickr-Modanisa" */;
			compatibilityVersion = "Xcode 3.2";
			developmentRegion = English;
			hasScannedForEncodings = 0;
			knownRegions = (
				en,
				Base,
			);
			mainGroup = 664B7B581EB0D4BB0094335E;
			productRefGroup = 664B7B621EB0D4BB0094335E /* Products */;
			projectDirPath = "";
			projectRoot = "";
			targets = (
				664B7B601EB0D4BB0094335E /* Flickr-Modanisa */,
			);
		};
/* End PBXProject section */

/* Begin PBXResourcesBuildPhase section */
		664B7B5F1EB0D4BB0094335E /* Resources */ = {
			isa = PBXResourcesBuildPhase;
			buildActionMask = 2147483647;
			files = (
				664B7B771EB0D4BB0094335E /* LaunchScreen.storyboard in Resources */,
				664B7B741EB0D4BB0094335E /* Assets.xcassets in Resources */,
				664B7B6F1EB0D4BB0094335E /* Main.storyboard in Resources */,
			);
			runOnlyForDeploymentPostprocessing = 0;
		};
/* End PBXResourcesBuildPhase section */

/* Begin PBXSourcesBuildPhase section */
		664B7B5D1EB0D4BB0094335E /* Sources */ = {
			isa = PBXSourcesBuildPhase;
			buildActionMask = 2147483647;
			files = (
				664B7B691EB0D4BB0094335E /* AppDelegate.m in Sources */,
				664B7B721EB0D4BB0094335E /* Flickr_Modanisa.xcdatamodeld in Sources */,
				66F399031EB3F313006EFEF2 /* FavCell.m in Sources */,
				6697D56B1EB10B4D005DBE9A /* FlickrCell.m in Sources */,
				664B7B661EB0D4BB0094335E /* main.m in Sources */,
				6694980A1EB37E4E00A95E90 /* FavsViewController.m in Sources */,
				6634F3041EB25EF300B28D12 /* PhotoInfo.m in Sources */,
				6634F2FB1EB20D2200B28D12 /* Flickr.m in Sources */,
				66936F1D1EB352E60047199A /* FavoritesTableViewCell.m in Sources */,
				66E0F1381EB0D72F00475A1E /* MainViewController.m in Sources */,
				6634F2FE1EB236F900B28D12 /* DetailViewController.m in Sources */,
			);
			runOnlyForDeploymentPostprocessing = 0;
		};
/* End PBXSourcesBuildPhase section */

/* Begin PBXVariantGroup section */
		664B7B6D1EB0D4BB0094335E /* Main.storyboard */ = {
			isa = PBXVariantGroup;
			children = (
				664B7B6E1EB0D4BB0094335E /* Base */,
			);
			name = Main.storyboard;
			sourceTree = "<group>";
		};
		664B7B751EB0D4BB0094335E /* LaunchScreen.storyboard */ = {
			isa = PBXVariantGroup;
			children = (
				664B7B761EB0D4BB0094335E /* Base */,
			);
			name = LaunchScreen.storyboard;
			sourceTree = "<group>";
		};
/* End PBXVariantGroup section */

/* Begin XCBuildConfiguration section */
		664B7B791EB0D4BB0094335E /* Debug */ = {
			isa = XCBuildConfiguration;
			buildSettings = {
				ALWAYS_SEARCH_USER_PATHS = NO;
				CLANG_ANALYZER_NONNULL = YES;
				CLANG_ANALYZER_NUMBER_OBJECT_CONVERSION = YES_AGGRESSIVE;
				CLANG_CXX_LANGUAGE_STANDARD = "gnu++0x";
				CLANG_CXX_LIBRARY = "libc++";
				CLANG_ENABLE_MODULES = YES;
				CLANG_ENABLE_OBJC_ARC = YES;
				CLANG_WARN_BOOL_CONVERSION = YES;
				CLANG_WARN_CONSTANT_CONVERSION = YES;
				CLANG_WARN_DIRECT_OBJC_ISA_USAGE = YES_ERROR;
				CLANG_WARN_DOCUMENTATION_COMMENTS = YES;
				CLANG_WARN_EMPTY_BODY = YES;
				CLANG_WARN_ENUM_CONVERSION = YES;
				CLANG_WARN_INFINITE_RECURSION = YES;
				CLANG_WARN_INT_CONVERSION = YES;
				CLANG_WARN_OBJC_ROOT_CLASS = YES_ERROR;
				CLANG_WARN_SUSPICIOUS_MOVE = YES;
				CLANG_WARN_UNREACHABLE_CODE = YES;
				CLANG_WARN__DUPLICATE_METHOD_MATCH = YES;
				"CODE_SIGN_IDENTITY[sdk=iphoneos*]" = "iPhone Developer";
				COPY_PHASE_STRIP = NO;
				DEBUG_INFORMATION_FORMAT = dwarf;
				ENABLE_STRICT_OBJC_MSGSEND = YES;
				ENABLE_TESTABILITY = YES;
				GCC_C_LANGUAGE_STANDARD = gnu99;
				GCC_DYNAMIC_NO_PIC = NO;
				GCC_NO_COMMON_BLOCKS = YES;
				GCC_OPTIMIZATION_LEVEL = 0;
				GCC_PREPROCESSOR_DEFINITIONS = (
					"DEBUG=1",
					"$(inherited)",
				);
				GCC_WARN_64_TO_32_BIT_CONVERSION = YES;
				GCC_WARN_ABOUT_RETURN_TYPE = YES_ERROR;
				GCC_WARN_UNDECLARED_SELECTOR = YES;
				GCC_WARN_UNINITIALIZED_AUTOS = YES_AGGRESSIVE;
				GCC_WARN_UNUSED_FUNCTION = YES;
				GCC_WARN_UNUSED_VARIABLE = YES;
				IPHONEOS_DEPLOYMENT_TARGET = 10.3;
				MTL_ENABLE_DEBUG_INFO = YES;
				ONLY_ACTIVE_ARCH = YES;
				SDKROOT = iphoneos;
				TARGETED_DEVICE_FAMILY = "1,2";
			};
			name = Debug;
		};
		664B7B7A1EB0D4BB0094335E /* Release */ = {
			isa = XCBuildConfiguration;
			buildSettings = {
				ALWAYS_SEARCH_USER_PATHS = NO;
				CLANG_ANALYZER_NONNULL = YES;
				CLANG_ANALYZER_NUMBER_OBJECT_CONVERSION = YES_AGGRESSIVE;
				CLANG_CXX_LANGUAGE_STANDARD = "gnu++0x";
				CLANG_CXX_LIBRARY = "libc++";
				CLANG_ENABLE_MODULES = YES;
				CLANG_ENABLE_OBJC_ARC = YES;
				CLANG_WARN_BOOL_CONVERSION = YES;
				CLANG_WARN_CONSTANT_CONVERSION = YES;
				CLANG_WARN_DIRECT_OBJC_ISA_USAGE = YES_ERROR;
				CLANG_WARN_DOCUMENTATION_COMMENTS = YES;
				CLANG_WARN_EMPTY_BODY = YES;
				CLANG_WARN_ENUM_CONVERSION = YES;
				CLANG_WARN_INFINITE_RECURSION = YES;
				CLANG_WARN_INT_CONVERSION = YES;
				CLANG_WARN_OBJC_ROOT_CLASS = YES_ERROR;
				CLANG_WARN_SUSPICIOUS_MOVE = YES;
				CLANG_WARN_UNREACHABLE_CODE = YES;
				CLANG_WARN__DUPLICATE_METHOD_MATCH = YES;
				"CODE_SIGN_IDENTITY[sdk=iphoneos*]" = "iPhone Developer";
				COPY_PHASE_STRIP = NO;
				DEBUG_INFORMATION_FORMAT = "dwarf-with-dsym";
				ENABLE_NS_ASSERTIONS = NO;
				ENABLE_STRICT_OBJC_MSGSEND = YES;
				GCC_C_LANGUAGE_STANDARD = gnu99;
				GCC_NO_COMMON_BLOCKS = YES;
				GCC_WARN_64_TO_32_BIT_CONVERSION = YES;
				GCC_WARN_ABOUT_RETURN_TYPE = YES_ERROR;
				GCC_WARN_UNDECLARED_SELECTOR = YES;
				GCC_WARN_UNINITIALIZED_AUTOS = YES_AGGRESSIVE;
				GCC_WARN_UNUSED_FUNCTION = YES;
				GCC_WARN_UNUSED_VARIABLE = YES;
				IPHONEOS_DEPLOYMENT_TARGET = 10.3;
				MTL_ENABLE_DEBUG_INFO = NO;
				SDKROOT = iphoneos;
				TARGETED_DEVICE_FAMILY = "1,2";
				VALIDATE_PRODUCT = YES;
			};
			name = Release;
		};
		664B7B7C1EB0D4BB0094335E /* Debug */ = {
			isa = XCBuildConfiguration;
			buildSettings = {
				ASSETCATALOG_COMPILER_APPICON_NAME = AppIcon;
				DEVELOPMENT_TEAM = DB8H397NNF;
				INFOPLIST_FILE = "Flickr-Modanisa/Info.plist";
				LD_RUNPATH_SEARCH_PATHS = "$(inherited) @executable_path/Frameworks";
				PRODUCT_BUNDLE_IDENTIFIER = "selay.Flickr-Modanisa";
				PRODUCT_NAME = "$(TARGET_NAME)";
			};
			name = Debug;
		};
		664B7B7D1EB0D4BB0094335E /* Release */ = {
			isa = XCBuildConfiguration;
			buildSettings = {
				ASSETCATALOG_COMPILER_APPICON_NAME = AppIcon;
				DEVELOPMENT_TEAM = DB8H397NNF;
				INFOPLIST_FILE = "Flickr-Modanisa/Info.plist";
				LD_RUNPATH_SEARCH_PATHS = "$(inherited) @executable_path/Frameworks";
				PRODUCT_BUNDLE_IDENTIFIER = "selay.Flickr-Modanisa";
				PRODUCT_NAME = "$(TARGET_NAME)";
			};
			name = Release;
		};
/* End XCBuildConfiguration section */

/* Begin XCConfigurationList section */
		664B7B5C1EB0D4BB0094335E /* Build configuration list for PBXProject "Flickr-Modanisa" */ = {
			isa = XCConfigurationList;
			buildConfigurations = (
				664B7B791EB0D4BB0094335E /* Debug */,
				664B7B7A1EB0D4BB0094335E /* Release */,
			);
			defaultConfigurationIsVisible = 0;
			defaultConfigurationName = Release;
		};
		664B7B7B1EB0D4BB0094335E /* Build configuration list for PBXNativeTarget "Flickr-Modanisa" */ = {
			isa = XCConfigurationList;
			buildConfigurations = (
				664B7B7C1EB0D4BB0094335E /* Debug */,
				664B7B7D1EB0D4BB0094335E /* Release */,
			);
			defaultConfigurationIsVisible = 0;
			defaultConfigurationName = Release;
		};
/* End XCConfigurationList section */

/* Begin XCVersionGroup section */
		664B7B701EB0D4BB0094335E /* Flickr_Modanisa.xcdatamodeld */ = {
			isa = XCVersionGroup;
			children = (
				664B7B711EB0D4BB0094335E /* Flickr_Modanisa.xcdatamodel */,
			);
			currentVersion = 664B7B711EB0D4BB0094335E /* Flickr_Modanisa.xcdatamodel */;
			path = Flickr_Modanisa.xcdatamodeld;
			sourceTree = "<group>";
			versionGroupType = wrapper.xcdatamodel;
		};
/* End XCVersionGroup section */
	};
	rootObject = 664B7B591EB0D4BB0094335E /* Project object */;
}
